{
  "object": {
    "pins": [
      {
        "package": "swift-argument-parser",
        "repositoryURL": "https://github.com/apple/swift-argument-parser.git",
        "state": {
          "branch": null,
          "revision": "e1465042f195f374b94f915ba8ca49de24300a0d",
          "version": "1.0.2"
        }
      },
      {
        "package": "swift-format",
        "repositoryURL": "https://github.com/apple/swift-format",
        "state": {
          "branch": "swift-5.5-branch",
          "revision": "f872223e16742fd97fabd319fbf4a939230cc796",
          "version": null
        }
      },
      {
        "package": "SwiftSyntax",
        "repositoryURL": "https://github.com/apple/swift-syntax.git",
        "state": {
          "branch": "release/5.5",
          "revision": "2ca29758ed04c0a209221db59f922d4faf539f03",
          "version": null
        }
      }
    ]
  },
  "version": 1
}
